
Microsoft Visual Studio Solution File, Format Version 12.00
# Visual Studio Version 16
VisualStudioVersion = 16.0.30114.105
MinimumVisualStudioVersion = 10.0.40219.1
Project("{2150E333-8FDC-42A3-9474-1A3956D46DE8}") = "src", "src", "{6E8B36A6-6AF0-4623-9FB5-3E1E5C6E4256}"
EndProject
Project("{2150E333-8FDC-42A3-9474-1A3956D46DE8}") = "Core", "Core", "{F1782120-89E5-46C3-9591-594483353FA7}"
EndProject
Project("{FAE04EC0-301F-11D3-BF4B-00C04F79EFBC}") = "Application", "src\Core\Application\Application.csproj", "{7E185229-EAE1-4304-908F-47899FD34A4E}"
EndProject
Project("{FAE04EC0-301F-11D3-BF4B-00C04F79EFBC}") = "Domain", "src\Core\Domain\Domain.csproj", "{24E5853B-0BA0-40AF-917E-D2069E66664A}"
EndProject
Project("{2150E333-8FDC-42A3-9474-1A3956D46DE8}") = "Infrastructure", "Infrastructure", "{E6E0DD91-C444-44D0-BC05-E93FBB9BDBC6}"
EndProject
Project("{FAE04EC0-301F-11D3-BF4B-00C04F79EFBC}") = "Persistence", "src\Infrastructure\Persistence\Persistence.csproj", "{405B33D1-86E0-4DD9-9DE7-7C0495FF8D7F}"
EndProject
Project("{2150E333-8FDC-42A3-9474-1A3956D46DE8}") = "Presentation", "Presentation", "{006643C1-9867-46D0-9806-106F14262773}"
EndProject
Project("{FAE04EC0-301F-11D3-BF4B-00C04F79EFBC}") = "WebApi", "src\Presentation\WebApi\WebApi.csproj", "{C07DD443-FE5D-499E-A286-F4329D367D2C}"
EndProject
Project("{2150E333-8FDC-42A3-9474-1A3956D46DE8}") = "test", "test", "{E706E74A-CFE6-4542-B34F-4911BBDC5D52}"
EndProject
Project("{FAE04EC0-301F-11D3-BF4B-00C04F79EFBC}") = "OnionArchitecture.Test", "test\OnionArchitecture.Test\OnionArchitecture.Test.csproj", "{026E654C-490A-4FF1-9014-661340CD4559}"
EndProject
Global
	GlobalSection(SolutionConfigurationPlatforms) = preSolution
		Debug|Any CPU = Debug|Any CPU
		Debug|x64 = Debug|x64
		Debug|x86 = Debug|x86
		Release|Any CPU = Release|Any CPU
		Release|x64 = Release|x64
		Release|x86 = Release|x86
	EndGlobalSection
	GlobalSection(SolutionProperties) = preSolution
		HideSolutionNode = FALSE
	EndGlobalSection
	GlobalSection(ProjectConfigurationPlatforms) = postSolution
		{7E185229-EAE1-4304-908F-47899FD34A4E}.Debug|Any CPU.ActiveCfg = Debug|Any CPU
		{7E185229-EAE1-4304-908F-47899FD34A4E}.Debug|Any CPU.Build.0 = Debug|Any CPU
		{7E185229-EAE1-4304-908F-47899FD34A4E}.Debug|x64.ActiveCfg = Debug|Any CPU
		{7E185229-EAE1-4304-908F-47899FD34A4E}.Debug|x64.Build.0 = Debug|Any CPU
		{7E185229-EAE1-4304-908F-47899FD34A4E}.Debug|x86.ActiveCfg = Debug|Any CPU
		{7E185229-EAE1-4304-908F-47899FD34A4E}.Debug|x86.Build.0 = Debug|Any CPU
		{7E185229-EAE1-4304-908F-47899FD34A4E}.Release|Any CPU.ActiveCfg = Release|Any CPU
		{7E185229-EAE1-4304-908F-47899FD34A4E}.Release|Any CPU.Build.0 = Release|Any CPU
		{7E185229-EAE1-4304-908F-47899FD34A4E}.Release|x64.ActiveCfg = Release|Any CPU
		{7E185229-EAE1-4304-908F-47899FD34A4E}.Release|x64.Build.0 = Release|Any CPU
		{7E185229-EAE1-4304-908F-47899FD34A4E}.Release|x86.ActiveCfg = Release|Any CPU
		{7E185229-EAE1-4304-908F-47899FD34A4E}.Release|x86.Build.0 = Release|Any CPU
		{24E5853B-0BA0-40AF-917E-D2069E66664A}.Debug|Any CPU.ActiveCfg = Debug|Any CPU
		{24E5853B-0BA0-40AF-917E-D2069E66664A}.Debug|Any CPU.Build.0 = Debug|Any CPU
		{24E5853B-0BA0-40AF-917E-D2069E66664A}.Debug|x64.ActiveCfg = Debug|Any CPU
		{24E5853B-0BA0-40AF-917E-D2069E66664A}.Debug|x64.Build.0 = Debug|Any CPU
		{24E5853B-0BA0-40AF-917E-D2069E66664A}.Debug|x86.ActiveCfg = Debug|Any CPU
		{24E5853B-0BA0-40AF-917E-D2069E66664A}.Debug|x86.Build.0 = Debug|Any CPU
		{24E5853B-0BA0-40AF-917E-D2069E66664A}.Release|Any CPU.ActiveCfg = Release|Any CPU
		{24E5853B-0BA0-40AF-917E-D2069E66664A}.Release|Any CPU.Build.0 = Release|Any CPU
		{24E5853B-0BA0-40AF-917E-D2069E66664A}.Release|x64.ActiveCfg = Release|Any CPU
		{24E5853B-0BA0-40AF-917E-D2069E66664A}.Release|x64.Build.0 = Release|Any CPU
		{24E5853B-0BA0-40AF-917E-D2069E66664A}.Release|x86.ActiveCfg = Release|Any CPU
		{24E5853B-0BA0-40AF-917E-D2069E66664A}.Release|x86.Build.0 = Release|Any CPU
		{405B33D1-86E0-4DD9-9DE7-7C0495FF8D7F}.Debug|Any CPU.ActiveCfg = Debug|Any CPU
		{405B33D1-86E0-4DD9-9DE7-7C0495FF8D7F}.Debug|Any CPU.Build.0 = Debug|Any CPU
		{405B33D1-86E0-4DD9-9DE7-7C0495FF8D7F}.Debug|x64.ActiveCfg = Debug|Any CPU
		{405B33D1-86E0-4DD9-9DE7-7C0495FF8D7F}.Debug|x64.Build.0 = Debug|Any CPU
		{405B33D1-86E0-4DD9-9DE7-7C0495FF8D7F}.Debug|x86.ActiveCfg = Debug|Any CPU
		{405B33D1-86E0-4DD9-9DE7-7C0495FF8D7F}.Debug|x86.Build.0 = Debug|Any CPU
		{405B33D1-86E0-4DD9-9DE7-7C0495FF8D7F}.Release|Any CPU.ActiveCfg = Release|Any CPU
		{405B33D1-86E0-4DD9-9DE7-7C0495FF8D7F}.Release|Any CPU.Build.0 = Release|Any CPU
		{405B33D1-86E0-4DD9-9DE7-7C0495FF8D7F}.Release|x64.ActiveCfg = Release|Any CPU
		{405B33D1-86E0-4DD9-9DE7-7C0495FF8D7F}.Release|x64.Build.0 = Release|Any CPU
		{405B33D1-86E0-4DD9-9DE7-7C0495FF8D7F}.Release|x86.ActiveCfg = Release|Any CPU
		{405B33D1-86E0-4DD9-9DE7-7C0495FF8D7F}.Release|x86.Build.0 = Release|Any CPU
		{C07DD443-FE5D-499E-A286-F4329D367D2C}.Debug|Any CPU.ActiveCfg = Debug|Any CPU
		{C07DD443-FE5D-499E-A286-F4329D367D2C}.Debug|Any CPU.Build.0 = Debug|Any CPU
		{C07DD443-FE5D-499E-A286-F4329D367D2C}.Debug|x64.ActiveCfg = Debug|Any CPU
		{C07DD443-FE5D-499E-A286-F4329D367D2C}.Debug|x64.Build.0 = Debug|Any CPU
		{C07DD443-FE5D-499E-A286-F4329D367D2C}.Debug|x86.ActiveCfg = Debug|Any CPU
		{C07DD443-FE5D-499E-A286-F4329D367D2C}.Debug|x86.Build.0 = Debug|Any CPU
		{C07DD443-FE5D-499E-A286-F4329D367D2C}.Release|Any CPU.ActiveCfg = Release|Any CPU
		{C07DD443-FE5D-499E-A286-F4329D367D2C}.Release|Any CPU.Build.0 = Release|Any CPU
		{C07DD443-FE5D-499E-A286-F4329D367D2C}.Release|x64.ActiveCfg = Release|Any CPU
		{C07DD443-FE5D-499E-A286-F4329D367D2C}.Release|x64.Build.0 = Release|Any CPU
		{C07DD443-FE5D-499E-A286-F4329D367D2C}.Release|x86.ActiveCfg = Release|Any CPU
		{C07DD443-FE5D-499E-A286-F4329D367D2C}.Release|x86.Build.0 = Release|Any CPU
		{026E654C-490A-4FF1-9014-661340CD4559}.Debug|Any CPU.ActiveCfg = Debug|Any CPU
		{026E654C-490A-4FF1-9014-661340CD4559}.Debug|Any CPU.Build.0 = Debug|Any CPU
		{026E654C-490A-4FF1-9014-661340CD4559}.Debug|x64.ActiveCfg = Debug|Any CPU
		{026E654C-490A-4FF1-9014-661340CD4559}.Debug|x64.Build.0 = Debug|Any CPU
		{026E654C-490A-4FF1-9014-661340CD4559}.Debug|x86.ActiveCfg = Debug|Any CPU
		{026E654C-490A-4FF1-9014-661340CD4559}.Debug|x86.Build.0 = Debug|Any CPU
		{026E654C-490A-4FF1-9014-661340CD4559}.Release|Any CPU.ActiveCfg = Release|Any CPU
		{026E654C-490A-4FF1-9014-661340CD4559}.Release|Any CPU.Build.0 = Release|Any CPU
		{026E654C-490A-4FF1-9014-661340CD4559}.Release|x64.ActiveCfg = Release|Any CPU
		{026E654C-490A-4FF1-9014-661340CD4559}.Release|x64.Build.0 = Release|Any CPU
		{026E654C-490A-4FF1-9014-661340CD4559}.Release|x86.ActiveCfg = Release|Any CPU
		{026E654C-490A-4FF1-9014-661340CD4559}.Release|x86.Build.0 = Release|Any CPU
	EndGlobalSection
	GlobalSection(NestedProjects) = preSolution
		{F1782120-89E5-46C3-9591-594483353FA7} = {6E8B36A6-6AF0-4623-9FB5-3E1E5C6E4256}
		{7E185229-EAE1-4304-908F-47899FD34A4E} = {F1782120-89E5-46C3-9591-594483353FA7}
		{24E5853B-0BA0-40AF-917E-D2069E66664A} = {F1782120-89E5-46C3-9591-594483353FA7}
		{E6E0DD91-C444-44D0-BC05-E93FBB9BDBC6} = {6E8B36A6-6AF0-4623-9FB5-3E1E5C6E4256}
		{405B33D1-86E0-4DD9-9DE7-7C0495FF8D7F} = {E6E0DD91-C444-44D0-BC05-E93FBB9BDBC6}
		{006643C1-9867-46D0-9806-106F14262773} = {6E8B36A6-6AF0-4623-9FB5-3E1E5C6E4256}
		{C07DD443-FE5D-499E-A286-F4329D367D2C} = {006643C1-9867-46D0-9806-106F14262773}
		{026E654C-490A-4FF1-9014-661340CD4559} = {E706E74A-CFE6-4542-B34F-4911BBDC5D52}
	EndGlobalSection
EndGlobal
